// !$*UTF8*$!
{
	archiveVersion = 1;
	classes = {
	};
	objectVersion = 77;
	objects = {

/* Begin PBXBuildFile section */
		89E468A33011145700CB5703 /* Sparkle in Frameworks */ = {isa = PBXBuildFile; productRef = B10000000000000000000002 /* Sparkle */; };
/* End PBXBuildFile section */

/* Begin PBXFileReference section */
		8915324A301119B600313BF9 /* SSHManager.xcodeproj */ = {isa = PBXFileReference; lastKnownFileType = "wrapper.pb-project"; path = SSHManager.xcodeproj; sourceTree = "<group>"; };
		89155AEC30111AC200313BF9 /* SSHManager.xcodeproj */ = {isa = PBXFileReference; lastKnownFileType = "wrapper.pb-project"; path = SSHManager.xcodeproj; sourceTree = "<group>"; };
		891DD1513008E8A600DC5098 /* SSHManager.app */ = {isa = PBXFileReference; explicitFileType = wrapper.application; includeInIndex = 0; path = SSHManager.app; sourceTree = BUILT_PRODUCTS_DIR; };
		8925C37B3011197E00D3262D /* SSHManager.xcodeproj */ = {isa = PBXFileReference; lastKnownFileType = "wrapper.pb-project"; path = SSHManager.xcodeproj; sourceTree = "<group>"; };
		89281B3B3011199600CA1903 /* SSHManager.xcodeproj */ = {isa = PBXFileReference; lastKnownFileType = "wrapper.pb-project"; path = SSHManager.xcodeproj; sourceTree = "<group>"; };
		89D6557430111C9100B2DFD6 /* SSHManager.xcodeproj */ = {isa = PBXFileReference; lastKnownFileType = "wrapper.pb-project"; path = SSHManager.xcodeproj; sourceTree = "<group>"; };
		89E47E7C3011193E00CB5703 /* SSHManager.xcodeproj */ = {isa = PBXFileReference; lastKnownFileType = "wrapper.pb-project"; path = SSHManager.xcodeproj; sourceTree = "<group>"; };
		89E49FFD3011195E00CB5703 /* SSHManager.xcodeproj */ = {isa = PBXFileReference; lastKnownFileType = "wrapper.pb-project"; path = SSHManager.xcodeproj; sourceTree = "<group>"; };
/* End PBXFileReference section */

/* Begin PBXFileSystemSynchronizedRootGroup section */
		891DD1533008E8A600DC5098 /* SSHManager */ = {
			isa = PBXFileSystemSynchronizedRootGroup;
			path = SSHManager;
			sourceTree = "<group>";
		};
/* End PBXFileSystemSynchronizedRootGroup section */

/* Begin PBXFrameworksBuildPhase section */
		891DD14E3008E8A600DC5098 /* Frameworks */ = {
			isa = PBXFrameworksBuildPhase;
			buildActionMask = 2147483647;
			files = (
				89E468A33011145700CB5703 /* Sparkle in Frameworks */,
			);
			runOnlyForDeploymentPostprocessing = 0;
		};
/* End PBXFrameworksBuildPhase section */

/* Begin PBXGroup section */
		8915324D301119B600313BF9 /* Products */ = {
			isa = PBXGroup;
			name = Products;
			sourceTree = "<group>";
		};
		89155AEF30111AC200313BF9 /* Products */ = {
			isa = PBXGroup;
			name = Products;
			sourceTree = "<group>";
		};
		891DD1483008E8A600DC5098 = {
			isa = PBXGroup;
			children = (
				891DD1533008E8A600DC5098 /* SSHManager */,
				891DD1523008E8A600DC5098 /* Products */,
				899EBEA8300BB37D007BF8E0 /* Recovered References */,
			);
			sourceTree = "<group>";
		};
		891DD1523008E8A600DC5098 /* Products */ = {
			isa = PBXGroup;
			children = (
				891DD1513008E8A600DC5098 /* SSHManager.app */,
			);
			name = Products;
			sourceTree = "<group>";
		};
		8925C37E3011197E00D3262D /* Products */ = {
			isa = PBXGroup;
			name = Products;
			sourceTree = "<group>";
		};
		89281B3E3011199600CA1903 /* Products */ = {
			isa = PBXGroup;
			name = Products;
			sourceTree = "<group>";
		};
		899EBEA8300BB37D007BF8E0 /* Recovered References */ = {
			isa = PBXGroup;
			children = (
			);
			name = "Recovered References";
			sourceTree = "<group>";
		};
		89D6557730111C9100B2DFD6 /* Products */ = {
			isa = PBXGroup;
			name = Products;
			sourceTree = "<group>";
		};
		89E47E7F3011193E00CB5703 /* Products */ = {
			isa = PBXGroup;
			name = Products;
			sourceTree = "<group>";
		};
		89E4A0003011195E00CB5703 /* Products */ = {
			isa = PBXGroup;
			name = Products;
			sourceTree = "<group>";
		};
/* End PBXGroup section */

/* Begin PBXNativeTarget section */
		891DD1503008E8A600DC5098 /* SSHManager */ = {
			isa = PBXNativeTarget;
			buildConfigurationList = 891DD15C3008E8A700DC5098 /* Build configuration list for PBXNativeTarget "SSHManager" */;
			buildPhases = (
				891DD14D3008E8A600DC5098 /* Sources */,
				891DD14E3008E8A600DC5098 /* Frameworks */,
				891DD14F3008E8A600DC5098 /* Resources */,
				893694B6300B989900D48D1C /* Clean xattr before signing */,
			);
			buildRules = (
			);
			dependencies = (
			);
			fileSystemSynchronizedGroups = (
				891DD1533008E8A600DC5098 /* SSHManager */,
			);
			name = SSHManager;
			packageProductDependencies = (
				B10000000000000000000002 /* Sparkle */,
			);
			productName = SSHManager;
			productReference = 891DD1513008E8A600DC5098 /* SSHManager.app */;
			productType = "com.apple.product-type.application";
		};
/* End PBXNativeTarget section */

/* Begin PBXProject section */
		891DD1493008E8A600DC5098 /* Project object */ = {
			isa = PBXProject;
			attributes = {
				BuildIndependentTargetsInParallel = 1;
				LastSwiftUpdateCheck = 2660;
				LastUpgradeCheck = 2660;
				TargetAttributes = {
					891DD1503008E8A600DC5098 = {
						CreatedOnToolsVersion = 26.6;
					};
				};
			};
			buildConfigurationList = 891DD14C3008E8A600DC5098 /* Build configuration list for PBXProject "SSHManager" */;
			developmentRegion = en;
			hasScannedForEncodings = 0;
			knownRegions = (
				en,
				Base,
				de,
				he,
				ar,
				el,
				ja,
				fa,
				uk,
				zh_CN,
				nb,
				es,
				is,
				sl,
				pt_BR,
				da,
				it,
				sk,
				pt_PT,
				sv,
				cs,
				ko,
				no,
				hu,
				tr,
				pl,
				zh_TW,
				ru,
				fr,
				fi,
				nl,
				th,
				ro,
				hr,
				ca,
				zh_HK,
				"pt-BR",
				vi,
				nn,
				"pt-PT",
			);
			mainGroup = 891DD1483008E8A600DC5098;
			minimizedProjectReferenceProxies = 1;
			packageReferences = (
				B10000000000000000000001 /* XCRemoteSwiftPackageReference "Sparkle" */,
			);
			preferredProjectObjectVersion = 77;
			productRefGroup = 891DD1523008E8A600DC5098 /* Products */;
			projectDirPath = "";
			projectReferences = (
				{
					ProductGroup = 89D6557730111C9100B2DFD6 /* Products */;
					ProjectRef = 89D6557430111C9100B2DFD6 /* SSHManager.xcodeproj */;
				},
				{
					ProductGroup = 89E4A0003011195E00CB5703 /* Products */;
					ProjectRef = 89E49FFD3011195E00CB5703 /* SSHManager.xcodeproj */;
				},
				{
					ProductGroup = 89E47E7F3011193E00CB5703 /* Products */;
					ProjectRef = 89E47E7C3011193E00CB5703 /* SSHManager.xcodeproj */;
				},
				{
					ProductGroup = 89281B3E3011199600CA1903 /* Products */;
					ProjectRef = 89281B3B3011199600CA1903 /* SSHManager.xcodeproj */;
				},
				{
					ProductGroup = 89155AEF30111AC200313BF9 /* Products */;
					ProjectRef = 89155AEC30111AC200313BF9 /* SSHManager.xcodeproj */;
				},
				{
					ProductGroup = 8915324D301119B600313BF9 /* Products */;
					ProjectRef = 8915324A301119B600313BF9 /* SSHManager.xcodeproj */;
				},
				{
					ProductGroup = 8925C37E3011197E00D3262D /* Products */;
					ProjectRef = 8925C37B3011197E00D3262D /* SSHManager.xcodeproj */;
				},
			);
			projectRoot = "";
			targets = (
				891DD1503008E8A600DC5098 /* SSHManager */,
			);
		};
/* End PBXProject section */

/* Begin PBXResourcesBuildPhase section */
		891DD14F3008E8A600DC5098 /* Resources */ = {
			isa = PBXResourcesBuildPhase;
			buildActionMask = 2147483647;
			files = (
			);
			runOnlyForDeploymentPostprocessing = 0;
		};
/* End PBXResourcesBuildPhase section */

/* Begin PBXShellScriptBuildPhase section */
		893694B6300B989900D48D1C /* Clean xattr before signing */ = {
			isa = PBXShellScriptBuildPhase;
			buildActionMask = 2147483647;
			files = (
			);
			inputFileListPaths = (
			);
			inputPaths = (
			);
			name = "Clean xattr before signing";
			outputFileListPaths = (
			);
			outputPaths = (
				"$(DERIVED_FILE_DIR)/xattr_cleaned",
			);
			runOnlyForDeploymentPostprocessing = 0;
			shellPath = /bin/sh;
			shellScript = "xattr -cr \"$CODESIGNING_FOLDER_PATH\" 2>/dev/null || true\ndot_clean \"$CODESIGNING_FOLDER_PATH\" 2>/dev/null || true\nfind \"$CODESIGNING_FOLDER_PATH\" -name \"._*\" -delete 2>/dev/null || true\n\nGENERATED=\"$TARGET_TEMP_DIR/assetcatalog_generated_info.plist\"\nTHINNED=\"$TARGET_TEMP_DIR/assetcatalog_generated_info.plist_thinned\"\nfor PLIST in \"$GENERATED\" \"$THINNED\"; do\n  if [ -f \"$PLIST\" ]; then\n    /usr/libexec/PlistBuddy -c 'Delete :CFBundleIconFile' \"$PLIST\" 2>/dev/null || true\n  fi\ndone\n/usr/libexec/PlistBuddy -c 'Delete :CFBundleIconFile' \"$CODESIGNING_FOLDER_PATH/Contents/Info.plist\" 2>/dev/null || true\n";
			showEnvVarsInLog = 0;
		};
/* End PBXShellScriptBuildPhase section */

/* Begin PBXSourcesBuildPhase section */
		891DD14D3008E8A600DC5098 /* Sources */ = {
			isa = PBXSourcesBuildPhase;
			buildActionMask = 2147483647;
			files = (
			);
			runOnlyForDeploymentPostprocessing = 0;
		};
/* End PBXSourcesBuildPhase section */

/* Begin XCBuildConfiguration section */
		891DD15A3008E8A700DC5098 /* Debug */ = {
			isa = XCBuildConfiguration;
			buildSettings = {
				ALWAYS_SEARCH_USER_PATHS = NO;
				ASSETCATALOG_COMPILER_GENERATE_SWIFT_ASSET_SYMBOL_EXTENSIONS = YES;
				CLANG_ANALYZER_NONNULL = YES;
				CLANG_ANALYZER_NUMBER_OBJECT_CONVERSION = YES_AGGRESSIVE;
				CLANG_CXX_LANGUAGE_STANDARD = "gnu++20";
				CLANG_ENABLE_MODULES = YES;
				CLANG_ENABLE_OBJC_ARC = YES;
				CLANG_ENABLE_OBJC_WEAK = YES;
				CLANG_WARN_BLOCK_CAPTURE_AUTORELEASING = YES;
				CLANG_WARN_BOOL_CONVERSION = YES;
				CLANG_WARN_COMMA = YES;
				CLANG_WARN_CONSTANT_CONVERSION = YES;
				CLANG_WARN_DEPRECATED_OBJC_IMPLEMENTATIONS = YES;
				CLANG_WARN_DIRECT_OBJC_ISA_USAGE = YES_ERROR;
				CLANG_WARN_DOCUMENTATION_COMMENTS = YES;
				CLANG_WARN_EMPTY_BODY = YES;
				CLANG_WARN_ENUM_CONVERSION = YES;
				CLANG_WARN_INFINITE_RECURSION = YES;
				CLANG_WARN_INT_CONVERSION = YES;
				CLANG_WARN_NON_LITERAL_NULL_CONVERSION = YES;
				CLANG_WARN_OBJC_IMPLICIT_RETAIN_SELF = YES;
				CLANG_WARN_OBJC_LITERAL_CONVERSION = YES;
				CLANG_WARN_OBJC_ROOT_CLASS = YES_ERROR;
				CLANG_WARN_QUOTED_INCLUDE_IN_FRAMEWORK_HEADER = YES;
				CLANG_WARN_RANGE_LOOP_ANALYSIS = YES;
				CLANG_WARN_STRICT_PROTOTYPES = YES;
				CLANG_WARN_SUSPICIOUS_MOVE = YES;
				CLANG_WARN_UNGUARDED_AVAILABILITY = YES_AGGRESSIVE;
				CLANG_WARN_UNREACHABLE_CODE = YES;
				CLANG_WARN__DUPLICATE_METHOD_MATCH = YES;
				CODE_SIGN_ALLOW_ENTITLEMENTS_MODIFICATION = YES;
				CODE_SIGN_INJECT_BASE_ENTITLEMENTS = NO;
				CODE_SIGN_STYLE = Automatic;
				COPY_PHASE_STRIP = NO;
				DEBUG_INFORMATION_FORMAT = dwarf;
				ENABLE_STRICT_OBJC_MSGSEND = YES;
				ENABLE_TESTABILITY = YES;
				ENABLE_USER_SCRIPT_SANDBOXING = NO;
				GCC_C_LANGUAGE_STANDARD = gnu17;
				GCC_DYNAMIC_NO_PIC = NO;
				GCC_NO_COMMON_BLOCKS = YES;
				GCC_OPTIMIZATION_LEVEL = 0;
				GCC_PREPROCESSOR_DEFINITIONS = (
					"DEBUG=1",
					"$(inherited)",
				);
				GCC_WARN_64_TO_32_BIT_CONVERSION = YES;
				GCC_WARN_ABOUT_RETURN_TYPE = YES_ERROR;
				GCC_WARN_UNDECLARED_SELECTOR = YES;
				GCC_WARN_UNINITIALIZED_AUTOS = YES_AGGRESSIVE;
				GCC_WARN_UNUSED_FUNCTION = YES;
				GCC_WARN_UNUSED_VARIABLE = YES;
				LOCALIZATION_PREFERS_STRING_CATALOGS = YES;
				MACOSX_DEPLOYMENT_TARGET = 26.5;
				MTL_ENABLE_DEBUG_INFO = INCLUDE_SOURCE;
				MTL_FAST_MATH = YES;
				ONLY_ACTIVE_ARCH = YES;
				SDKROOT = macosx;
				SWIFT_ACTIVE_COMPILATION_CONDITIONS = "DEBUG $(inherited)";
				SWIFT_OPTIMIZATION_LEVEL = "-Onone";
			};
			name = Debug;
		};
		891DD15B3008E8A700DC5098 /* Release */ = {
			isa = XCBuildConfiguration;
			buildSettings = {
				ALWAYS_SEARCH_USER_PATHS = NO;
				ASSETCATALOG_COMPILER_GENERATE_SWIFT_ASSET_SYMBOL_EXTENSIONS = YES;
				CLANG_ANALYZER_NONNULL = YES;
				CLANG_ANALYZER_NUMBER_OBJECT_CONVERSION = YES_AGGRESSIVE;
				CLANG_CXX_LANGUAGE_STANDARD = "gnu++20";
				CLANG_ENABLE_MODULES = YES;
				CLANG_ENABLE_OBJC_ARC = YES;
				CLANG_ENABLE_OBJC_WEAK = YES;
				CLANG_WARN_BLOCK_CAPTURE_AUTORELEASING = YES;
				CLANG_WARN_BOOL_CONVERSION = YES;
				CLANG_WARN_COMMA = YES;
				CLANG_WARN_CONSTANT_CONVERSION = YES;
				CLANG_WARN_DEPRECATED_OBJC_IMPLEMENTATIONS = YES;
				CLANG_WARN_DIRECT_OBJC_ISA_USAGE = YES_ERROR;
				CLANG_WARN_DOCUMENTATION_COMMENTS = YES;
				CLANG_WARN_EMPTY_BODY = YES;
				CLANG_WARN_ENUM_CONVERSION = YES;
				CLANG_WARN_INFINITE_RECURSION = YES;
				CLANG_WARN_INT_CONVERSION = YES;
				CLANG_WARN_NON_LITERAL_NULL_CONVERSION = YES;
				CLANG_WARN_OBJC_IMPLICIT_RETAIN_SELF = YES;
				CLANG_WARN_OBJC_LITERAL_CONVERSION = YES;
				CLANG_WARN_OBJC_ROOT_CLASS = YES_ERROR;
				CLANG_WARN_QUOTED_INCLUDE_IN_FRAMEWORK_HEADER = YES;
				CLANG_WARN_RANGE_LOOP_ANALYSIS = YES;
				CLANG_WARN_STRICT_PROTOTYPES = YES;
				CLANG_WARN_SUSPICIOUS_MOVE = YES;
				CLANG_WARN_UNGUARDED_AVAILABILITY = YES_AGGRESSIVE;
				CLANG_WARN_UNREACHABLE_CODE = YES;
				CLANG_WARN__DUPLICATE_METHOD_MATCH = YES;
				CODE_SIGN_ALLOW_ENTITLEMENTS_MODIFICATION = YES;
				CODE_SIGN_IDENTITY = "Apple Development: evberkutone@gmail.com (G3232MBXV9)";
				CODE_SIGN_INJECT_BASE_ENTITLEMENTS = NO;
				CODE_SIGN_STYLE = Automatic;
				COPY_PHASE_STRIP = NO;
				DEBUG_INFORMATION_FORMAT = "dwarf-with-dsym";
				ENABLE_NS_ASSERTIONS = NO;
				ENABLE_STRICT_OBJC_MSGSEND = YES;
				ENABLE_USER_SCRIPT_SANDBOXING = YES;
				GCC_C_LANGUAGE_STANDARD = gnu17;
				GCC_NO_COMMON_BLOCKS = YES;
				GCC_WARN_64_TO_32_BIT_CONVERSION = YES;
				GCC_WARN_ABOUT_RETURN_TYPE = YES_ERROR;
				GCC_WARN_UNDECLARED_SELECTOR = YES;
				GCC_WARN_UNINITIALIZED_AUTOS = YES_AGGRESSIVE;
				GCC_WARN_UNUSED_FUNCTION = YES;
				GCC_WARN_UNUSED_VARIABLE = YES;
				LOCALIZATION_PREFERS_STRING_CATALOGS = YES;
				MACOSX_DEPLOYMENT_TARGET = 26.5;
				MTL_ENABLE_DEBUG_INFO = NO;
				MTL_FAST_MATH = YES;
				SDKROOT = macosx;
				SWIFT_COMPILATION_MODE = wholemodule;
			};
			name = Release;
		};
		891DD15D3008E8A700DC5098 /* Debug */ = {
			isa = XCBuildConfiguration;
			buildSettings = {
				ASSETCATALOG_COMPILER_APPICON_NAME = AppIcon;
				ASSETCATALOG_COMPILER_GLOBAL_ACCENT_COLOR_NAME = AccentColor;
				ASSETCATALOG_COMPILER_INCLUDE_ALL_APPICON_ASSETS = YES;
				CODE_SIGN_STYLE = Automatic;
				COMBINE_HIDPI_IMAGES = YES;
				CURRENT_PROJECT_VERSION = 1.0.0;
				DEVELOPMENT_TEAM = 84T66K48K2;
				ENABLE_APP_SANDBOX = NO;
				ENABLE_PREVIEWS = YES;
				FRAMEWORK_SEARCH_PATHS = (
					"$(inherited)",
					"$(PROJECT_DIR)/./build/Build/Products/Debug",
				);
				INFOPLIST_FILE = SSHManager/Info.plist;
				INFOPLIST_KEY_CFBundleDisplayName = "SSH Manager";
				INFOPLIST_KEY_CFBundleIconName = AppIcon;
				INFOPLIST_KEY_LSApplicationCategoryType = "public.app-category.utilities";
				INFOPLIST_KEY_NSHumanReadableCopyright = "";
				LD_RUNPATH_SEARCH_PATHS = (
					"$(inherited)",
					"@executable_path/../Frameworks",
				);
				MACOSX_DEPLOYMENT_TARGET = 15.6;
				MARKETING_VERSION = 1.0.0;
				PRODUCT_BUNDLE_IDENTIFIER = deveber.sshmanager;
				PRODUCT_NAME = "$(TARGET_NAME)";
				REGISTER_APP_GROUPS = YES;
				STRING_CATALOG_GENERATE_SYMBOLS = YES;
				SWIFT_APPROACHABLE_CONCURRENCY = YES;
				SWIFT_DEFAULT_ACTOR_ISOLATION = MainActor;
				SWIFT_EMIT_LOC_STRINGS = YES;
				SWIFT_OBJC_BRIDGING_HEADER = "SSHManager/SSHManager-Bridging-Header.h";
				SWIFT_UPCOMING_FEATURE_MEMBER_IMPORT_VISIBILITY = YES;
				SWIFT_VERSION = 6.0;
			};
			name = Debug;
		};
		891DD15E3008E8A700DC5098 /* Release */ = {
			isa = XCBuildConfiguration;
			buildSettings = {
				ASSETCATALOG_COMPILER_APPICON_NAME = AppIcon;
				ASSETCATALOG_COMPILER_GLOBAL_ACCENT_COLOR_NAME = AccentColor;
				ASSETCATALOG_COMPILER_INCLUDE_ALL_APPICON_ASSETS = YES;
				CODE_SIGN_ALLOW_ENTITLEMENTS_MODIFICATION = YES;
				CODE_SIGN_ENTITLEMENTS = SSHManager/SSHManager.entitlements;
				"CODE_SIGN_IDENTITY[sdk=macosx*]" = "Apple Development";
				CODE_SIGN_INJECT_BASE_ENTITLEMENTS = NO;
				CODE_SIGN_STYLE = Automatic;
				COMBINE_HIDPI_IMAGES = YES;
				CURRENT_PROJECT_VERSION = 1.0.0;
				DEVELOPMENT_TEAM = 84T66K48K2;
				ENABLE_APP_SANDBOX = NO;
				ENABLE_PREVIEWS = YES;
				ENABLE_USER_SCRIPT_SANDBOXING = NO;
				FRAMEWORK_SEARCH_PATHS = (
					"$(inherited)",
					"$(PROJECT_DIR)/./build/Build/Products/Debug",
				);
				INFOPLIST_FILE = SSHManager/Info.plist;
				INFOPLIST_KEY_CFBundleDisplayName = "SSH Manager";
				INFOPLIST_KEY_CFBundleIconName = AppIcon;
				INFOPLIST_KEY_LSApplicationCategoryType = "public.app-category.utilities";
				INFOPLIST_KEY_NSHumanReadableCopyright = "";
				LD_RUNPATH_SEARCH_PATHS = (
					"$(inherited)",
					"@executable_path/../Frameworks",
				);
				MACOSX_DEPLOYMENT_TARGET = 15.6;
				MARKETING_VERSION = 1.0.0;
				PRODUCT_BUNDLE_IDENTIFIER = deveber.sshmanager;
				PRODUCT_NAME = "$(TARGET_NAME)";
				PROVISIONING_PROFILE_SPECIFIER = "";
				REGISTER_APP_GROUPS = YES;
				STRING_CATALOG_GENERATE_SYMBOLS = YES;
				SWIFT_APPROACHABLE_CONCURRENCY = YES;
				SWIFT_DEFAULT_ACTOR_ISOLATION = MainActor;
				SWIFT_EMIT_LOC_STRINGS = YES;
				SWIFT_UPCOMING_FEATURE_MEMBER_IMPORT_VISIBILITY = YES;
				SWIFT_VERSION = 6.0;
			};
			name = Release;
		};
/* End XCBuildConfiguration section */

/* Begin XCConfigurationList section */
		891DD14C3008E8A600DC5098 /* Build configuration list for PBXProject "SSHManager" */ = {
			isa = XCConfigurationList;
			buildConfigurations = (
				891DD15A3008E8A700DC5098 /* Debug */,
				891DD15B3008E8A700DC5098 /* Release */,
			);
			defaultConfigurationIsVisible = 0;
			defaultConfigurationName = Release;
		};
		891DD15C3008E8A700DC5098 /* Build configuration list for PBXNativeTarget "SSHManager" */ = {
			isa = XCConfigurationList;
			buildConfigurations = (
				891DD15D3008E8A700DC5098 /* Debug */,
				891DD15E3008E8A700DC5098 /* Release */,
			);
			defaultConfigurationIsVisible = 0;
			defaultConfigurationName = Release;
		};
/* End XCConfigurationList section */

/* Begin XCRemoteSwiftPackageReference section */
		B10000000000000000000001 /* XCRemoteSwiftPackageReference "Sparkle" */ = {
			isa = XCRemoteSwiftPackageReference;
			repositoryURL = "https://github.com/sparkle-project/Sparkle";
			requirement = {
				kind = upToNextMajorVersion;
				minimumVersion = 2.0;
			};
		};
/* End XCRemoteSwiftPackageReference section */

/* Begin XCSwiftPackageProductDependency section */
		B10000000000000000000002 /* Sparkle */ = {
			isa = XCSwiftPackageProductDependency;
			package = B10000000000000000000001 /* XCRemoteSwiftPackageReference "Sparkle" */;
			productName = Sparkle;
		};
/* End XCSwiftPackageProductDependency section */
	};
	rootObject = 891DD1493008E8A600DC5098 /* Project object */;
}
